
Microsoft Visual Studio Solution File, Format Version 12.00
# Visual Studio Version 17
VisualStudioVersion = 17.3.32819.101
MinimumVisualStudioVersion = 10.0.40219.1
Project("{FAE04EC0-301F-11D3-BF4B-00C04F79EFBC}") = "Queue", "Queue\Queue.csproj", "{4179CBC8-0BE6-4DDD-A14A-C3D967E0D893}"
EndProject
Global
	GlobalSection(SolutionConfigurationPlatforms) = preSolution
		Debug|Any CPU = Debug|Any CPU
		Release|Any CPU = Release|Any CPU
	EndGlobalSection
	GlobalSection(ProjectConfigurationPlatforms) = postSolution
		{4179CBC8-0BE6-4DDD-A14A-C3D967E0D893}.Debug|Any CPU.ActiveCfg = Debug|Any CPU
		{4179CBC8-0BE6-4DDD-A14A-C3D967E0D893}.Debug|Any CPU.Build.0 = Debug|Any CPU
		{4179CBC8-0BE6-4DDD-A14A-C3D967E0D893}.Release|Any CPU.ActiveCfg = Release|Any CPU
		{4179CBC8-0BE6-4DDD-A14A-C3D967E0D893}.Release|Any CPU.Build.0 = Release|Any CPU
	EndGlobalSection
	GlobalSection(SolutionProperties) = preSolution
		HideSolutionNode = FALSE
	EndGlobalSection
	GlobalSection(ExtensibilityGlobals) = postSolution
		SolutionGuid = {1D7D324D-0B1F-4CD1-B6B6-2E279BE697B4}
	EndGlobalSection
EndGlobal
